
Microsoft Visual Studio Solution File, Format Version 12.00
# Visual Studio Version 16
VisualStudioVersion = 16.0.30611.23
MinimumVisualStudioVersion = 10.0.40219.1
Project("{FAE04EC0-301F-11D3-BF4B-00C04F79EFBC}") = "ActPlcMitsubishi", "ActPlcMitsubishi\ActPlcMitsubishi.csproj", "{C9F3A763-C123-4B3C-B1A2-906E804E4123}"
EndProject
Global
	GlobalSection(SolutionConfigurationPlatforms) = preSolution
		Debug|Any CPU = Debug|Any CPU
		Release|Any CPU = Release|Any CPU
	EndGlobalSection
	GlobalSection(ProjectConfigurationPlatforms) = postSolution
		{C9F3A763-C123-4B3C-B1A2-906E804E4123}.Debug|Any CPU.ActiveCfg = Debug|Any CPU
		{C9F3A763-C123-4B3C-B1A2-906E804E4123}.Debug|Any CPU.Build.0 = Debug|Any CPU
		{C9F3A763-C123-4B3C-B1A2-906E804E4123}.Release|Any CPU.ActiveCfg = Release|Any CPU
		{C9F3A763-C123-4B3C-B1A2-906E804E4123}.Release|Any CPU.Build.0 = Release|Any CPU
	EndGlobalSection
	GlobalSection(SolutionProperties) = preSolution
		HideSolutionNode = FALSE
	EndGlobalSection
	GlobalSection(ExtensibilityGlobals) = postSolution
		SolutionGuid = {37BDEE20-48EB-42F7-A0C6-69926C6D91DB}
	EndGlobalSection
EndGlobal
